
Microsoft Visual Studio Solution File, Format Version 12.00
# Visual Studio Version 17
VisualStudioVersion = 17.0.31903.59
MinimumVisualStudioVersion = 10.0.40219.1
Project("{2150E333-8FDC-42A3-9474-1A3956D46DE8}") = "src", "src", "{827E0CD3-B72D-47B6-A68D-7590B98EB39B}"
EndProject
Project("{FAE04EC0-301F-11D3-BF4B-00C04F79EFBC}") = "PrinterHub.App", "src\PrinterHub.App\PrinterHub.App.csproj", "{4EA7F941-6541-4004-BD27-47EA7E49F185}"
EndProject
Project("{FAE04EC0-301F-11D3-BF4B-00C04F79EFBC}") = "PrinterHub.Core", "src\PrinterHub.Core\PrinterHub.Core.csproj", "{B7BEC10F-8BF3-4C6D-BBF0-8944C45A9222}"
EndProject
Project("{FAE04EC0-301F-11D3-BF4B-00C04F79EFBC}") = "PrinterHub.Languages", "src\PrinterHub.Languages\PrinterHub.Languages.csproj", "{4DCF44DD-89E0-43FC-99A1-7234077B588B}"
EndProject
Project("{FAE04EC0-301F-11D3-BF4B-00C04F79EFBC}") = "PrinterHub.Transports", "src\PrinterHub.Transports\PrinterHub.Transports.csproj", "{E4B8643C-21FA-4FDA-A332-A6B0D8439F4A}"
EndProject
Project("{FAE04EC0-301F-11D3-BF4B-00C04F79EFBC}") = "PrinterHub.Windows", "src\PrinterHub.Windows\PrinterHub.Windows.csproj", "{2EC74FFC-2489-4F72-B6CA-A87F70EAB74A}"
EndProject
Project("{FAE04EC0-301F-11D3-BF4B-00C04F79EFBC}") = "PrinterHub.Cli", "src\PrinterHub.Cli\PrinterHub.Cli.csproj", "{2858D7C4-DB63-4D09-8551-51F85D02C000}"
EndProject
Project("{2150E333-8FDC-42A3-9474-1A3956D46DE8}") = "tools", "tools", "{07C2787E-EAC7-C090-1BA3-A61EC2A24D84}"
EndProject
Project("{FAE04EC0-301F-11D3-BF4B-00C04F79EFBC}") = "PrinterHub.Simulator", "tools\PrinterHub.Simulator\PrinterHub.Simulator.csproj", "{F65AACFD-128A-4F7C-9AE4-C0C87D7F6D5C}"
EndProject
Project("{2150E333-8FDC-42A3-9474-1A3956D46DE8}") = "tests", "tests", "{0AB3BF05-4346-4AA6-1389-037BE0695223}"
EndProject
Project("{FAE04EC0-301F-11D3-BF4B-00C04F79EFBC}") = "PrinterHub.Tests", "tests\PrinterHub.Tests\PrinterHub.Tests.csproj", "{61F194D4-B646-4056-82E9-E5A8EF536DA1}"
EndProject
Global
	GlobalSection(SolutionConfigurationPlatforms) = preSolution
		Debug|Any CPU = Debug|Any CPU
		Debug|x64 = Debug|x64
		Debug|x86 = Debug|x86
		Release|Any CPU = Release|Any CPU
		Release|x64 = Release|x64
		Release|x86 = Release|x86
	EndGlobalSection
	GlobalSection(ProjectConfigurationPlatforms) = postSolution
		{4EA7F941-6541-4004-BD27-47EA7E49F185}.Debug|Any CPU.ActiveCfg = Debug|Any CPU
		{4EA7F941-6541-4004-BD27-47EA7E49F185}.Debug|Any CPU.Build.0 = Debug|Any CPU
		{4EA7F941-6541-4004-BD27-47EA7E49F185}.Debug|x64.ActiveCfg = Debug|Any CPU
		{4EA7F941-6541-4004-BD27-47EA7E49F185}.Debug|x64.Build.0 = Debug|Any CPU
		{4EA7F941-6541-4004-BD27-47EA7E49F185}.Debug|x86.ActiveCfg = Debug|Any CPU
		{4EA7F941-6541-4004-BD27-47EA7E49F185}.Debug|x86.Build.0 = Debug|Any CPU
		{4EA7F941-6541-4004-BD27-47EA7E49F185}.Release|Any CPU.ActiveCfg = Release|Any CPU
		{4EA7F941-6541-4004-BD27-47EA7E49F185}.Release|Any CPU.Build.0 = Release|Any CPU
		{4EA7F941-6541-4004-BD27-47EA7E49F185}.Release|x64.ActiveCfg = Release|Any CPU
		{4EA7F941-6541-4004-BD27-47EA7E49F185}.Release|x64.Build.0 = Release|Any CPU
		{4EA7F941-6541-4004-BD27-47EA7E49F185}.Release|x86.ActiveCfg = Release|Any CPU
		{4EA7F941-6541-4004-BD27-47EA7E49F185}.Release|x86.Build.0 = Release|Any CPU
		{B7BEC10F-8BF3-4C6D-BBF0-8944C45A9222}.Debug|Any CPU.ActiveCfg = Debug|Any CPU
		{B7BEC10F-8BF3-4C6D-BBF0-8944C45A9222}.Debug|Any CPU.Build.0 = Debug|Any CPU
		{B7BEC10F-8BF3-4C6D-BBF0-8944C45A9222}.Debug|x64.ActiveCfg = Debug|Any CPU
		{B7BEC10F-8BF3-4C6D-BBF0-8944C45A9222}.Debug|x64.Build.0 = Debug|Any CPU
		{B7BEC10F-8BF3-4C6D-BBF0-8944C45A9222}.Debug|x86.ActiveCfg = Debug|Any CPU
		{B7BEC10F-8BF3-4C6D-BBF0-8944C45A9222}.Debug|x86.Build.0 = Debug|Any CPU
		{B7BEC10F-8BF3-4C6D-BBF0-8944C45A9222}.Release|Any CPU.ActiveCfg = Release|Any CPU
		{B7BEC10F-8BF3-4C6D-BBF0-8944C45A9222}.Release|Any CPU.Build.0 = Release|Any CPU
		{B7BEC10F-8BF3-4C6D-BBF0-8944C45A9222}.Release|x64.ActiveCfg = Release|Any CPU
		{B7BEC10F-8BF3-4C6D-BBF0-8944C45A9222}.Release|x64.Build.0 = Release|Any CPU
		{B7BEC10F-8BF3-4C6D-BBF0-8944C45A9222}.Release|x86.ActiveCfg = Release|Any CPU
		{B7BEC10F-8BF3-4C6D-BBF0-8944C45A9222}.Release|x86.Build.0 = Release|Any CPU
		{4DCF44DD-89E0-43FC-99A1-7234077B588B}.Debug|Any CPU.ActiveCfg = Debug|Any CPU
		{4DCF44DD-89E0-43FC-99A1-7234077B588B}.Debug|Any CPU.Build.0 = Debug|Any CPU
		{4DCF44DD-89E0-43FC-99A1-7234077B588B}.Debug|x64.ActiveCfg = Debug|Any CPU
		{4DCF44DD-89E0-43FC-99A1-7234077B588B}.Debug|x64.Build.0 = Debug|Any CPU
		{4DCF44DD-89E0-43FC-99A1-7234077B588B}.Debug|x86.ActiveCfg = Debug|Any CPU
		{4DCF44DD-89E0-43FC-99A1-7234077B588B}.Debug|x86.Build.0 = Debug|Any CPU
		{4DCF44DD-89E0-43FC-99A1-7234077B588B}.Release|Any CPU.ActiveCfg = Release|Any CPU
		{4DCF44DD-89E0-43FC-99A1-7234077B588B}.Release|Any CPU.Build.0 = Release|Any CPU
		{4DCF44DD-89E0-43FC-99A1-7234077B588B}.Release|x64.ActiveCfg = Release|Any CPU
		{4DCF44DD-89E0-43FC-99A1-7234077B588B}.Release|x64.Build.0 = Release|Any CPU
		{4DCF44DD-89E0-43FC-99A1-7234077B588B}.Release|x86.ActiveCfg = Release|Any CPU
		{4DCF44DD-89E0-43FC-99A1-7234077B588B}.Release|x86.Build.0 = Release|Any CPU
		{E4B8643C-21FA-4FDA-A332-A6B0D8439F4A}.Debug|Any CPU.ActiveCfg = Debug|Any CPU
		{E4B8643C-21FA-4FDA-A332-A6B0D8439F4A}.Debug|Any CPU.Build.0 = Debug|Any CPU
		{E4B8643C-21FA-4FDA-A332-A6B0D8439F4A}.Debug|x64.ActiveCfg = Debug|Any CPU
		{E4B8643C-21FA-4FDA-A332-A6B0D8439F4A}.Debug|x64.Build.0 = Debug|Any CPU
		{E4B8643C-21FA-4FDA-A332-A6B0D8439F4A}.Debug|x86.ActiveCfg = Debug|Any CPU
		{E4B8643C-21FA-4FDA-A332-A6B0D8439F4A}.Debug|x86.Build.0 = Debug|Any CPU
		{E4B8643C-21FA-4FDA-A332-A6B0D8439F4A}.Release|Any CPU.ActiveCfg = Release|Any CPU
		{E4B8643C-21FA-4FDA-A332-A6B0D8439F4A}.Release|Any CPU.Build.0 = Release|Any CPU
		{E4B8643C-21FA-4FDA-A332-A6B0D8439F4A}.Release|x64.ActiveCfg = Release|Any CPU
		{E4B8643C-21FA-4FDA-A332-A6B0D8439F4A}.Release|x64.Build.0 = Release|Any CPU
		{E4B8643C-21FA-4FDA-A332-A6B0D8439F4A}.Release|x86.ActiveCfg = Release|Any CPU
		{E4B8643C-21FA-4FDA-A332-A6B0D8439F4A}.Release|x86.Build.0 = Release|Any CPU
		{2EC74FFC-2489-4F72-B6CA-A87F70EAB74A}.Debug|Any CPU.ActiveCfg = Debug|Any CPU
		{2EC74FFC-2489-4F72-B6CA-A87F70EAB74A}.Debug|Any CPU.Build.0 = Debug|Any CPU
		{2EC74FFC-2489-4F72-B6CA-A87F70EAB74A}.Debug|x64.ActiveCfg = Debug|Any CPU
		{2EC74FFC-2489-4F72-B6CA-A87F70EAB74A}.Debug|x64.Build.0 = Debug|Any CPU
		{2EC74FFC-2489-4F72-B6CA-A87F70EAB74A}.Debug|x86.ActiveCfg = Debug|Any CPU
		{2EC74FFC-2489-4F72-B6CA-A87F70EAB74A}.Debug|x86.Build.0 = Debug|Any CPU
		{2EC74FFC-2489-4F72-B6CA-A87F70EAB74A}.Release|Any CPU.ActiveCfg = Release|Any CPU
		{2EC74FFC-2489-4F72-B6CA-A87F70EAB74A}.Release|Any CPU.Build.0 = Release|Any CPU
		{2EC74FFC-2489-4F72-B6CA-A87F70EAB74A}.Release|x64.ActiveCfg = Release|Any CPU
		{2EC74FFC-2489-4F72-B6CA-A87F70EAB74A}.Release|x64.Build.0 = Release|Any CPU
		{2EC74FFC-2489-4F72-B6CA-A87F70EAB74A}.Release|x86.ActiveCfg = Release|Any CPU
		{2EC74FFC-2489-4F72-B6CA-A87F70EAB74A}.Release|x86.Build.0 = Release|Any CPU
		{2858D7C4-DB63-4D09-8551-51F85D02C000}.Debug|Any CPU.ActiveCfg = Debug|Any CPU
		{2858D7C4-DB63-4D09-8551-51F85D02C000}.Debug|Any CPU.Build.0 = Debug|Any CPU
		{2858D7C4-DB63-4D09-8551-51F85D02C000}.Debug|x64.ActiveCfg = Debug|Any CPU
		{2858D7C4-DB63-4D09-8551-51F85D02C000}.Debug|x64.Build.0 = Debug|Any CPU
		{2858D7C4-DB63-4D09-8551-51F85D02C000}.Debug|x86.ActiveCfg = Debug|Any CPU
		{2858D7C4-DB63-4D09-8551-51F85D02C000}.Debug|x86.Build.0 = Debug|Any CPU
		{2858D7C4-DB63-4D09-8551-51F85D02C000}.Release|Any CPU.ActiveCfg = Release|Any CPU
		{2858D7C4-DB63-4D09-8551-51F85D02C000}.Release|Any CPU.Build.0 = Release|Any CPU
		{2858D7C4-DB63-4D09-8551-51F85D02C000}.Release|x64.ActiveCfg = Release|Any CPU
		{2858D7C4-DB63-4D09-8551-51F85D02C000}.Release|x64.Build.0 = Release|Any CPU
		{2858D7C4-DB63-4D09-8551-51F85D02C000}.Release|x86.ActiveCfg = Release|Any CPU
		{2858D7C4-DB63-4D09-8551-51F85D02C000}.Release|x86.Build.0 = Release|Any CPU
		{F65AACFD-128A-4F7C-9AE4-C0C87D7F6D5C}.Debug|Any CPU.ActiveCfg = Debug|Any CPU
		{F65AACFD-128A-4F7C-9AE4-C0C87D7F6D5C}.Debug|Any CPU.Build.0 = Debug|Any CPU
		{F65AACFD-128A-4F7C-9AE4-C0C87D7F6D5C}.Debug|x64.ActiveCfg = Debug|Any CPU
		{F65AACFD-128A-4F7C-9AE4-C0C87D7F6D5C}.Debug|x64.Build.0 = Debug|Any CPU
		{F65AACFD-128A-4F7C-9AE4-C0C87D7F6D5C}.Debug|x86.ActiveCfg = Debug|Any CPU
		{F65AACFD-128A-4F7C-9AE4-C0C87D7F6D5C}.Debug|x86.Build.0 = Debug|Any CPU
		{F65AACFD-128A-4F7C-9AE4-C0C87D7F6D5C}.Release|Any CPU.ActiveCfg = Release|Any CPU
		{F65AACFD-128A-4F7C-9AE4-C0C87D7F6D5C}.Release|Any CPU.Build.0 = Release|Any CPU
		{F65AACFD-128A-4F7C-9AE4-C0C87D7F6D5C}.Release|x64.ActiveCfg = Release|Any CPU
		{F65AACFD-128A-4F7C-9AE4-C0C87D7F6D5C}.Release|x64.Build.0 = Release|Any CPU
		{F65AACFD-128A-4F7C-9AE4-C0C87D7F6D5C}.Release|x86.ActiveCfg = Release|Any CPU
		{F65AACFD-128A-4F7C-9AE4-C0C87D7F6D5C}.Release|x86.Build.0 = Release|Any CPU
		{61F194D4-B646-4056-82E9-E5A8EF536DA1}.Debug|Any CPU.ActiveCfg = Debug|Any CPU
		{61F194D4-B646-4056-82E9-E5A8EF536DA1}.Debug|Any CPU.Build.0 = Debug|Any CPU
		{61F194D4-B646-4056-82E9-E5A8EF536DA1}.Debug|x64.ActiveCfg = Debug|Any CPU
		{61F194D4-B646-4056-82E9-E5A8EF536DA1}.Debug|x64.Build.0 = Debug|Any CPU
		{61F194D4-B646-4056-82E9-E5A8EF536DA1}.Debug|x86.ActiveCfg = Debug|Any CPU
		{61F194D4-B646-4056-82E9-E5A8EF536DA1}.Debug|x86.Build.0 = Debug|Any CPU
		{61F194D4-B646-4056-82E9-E5A8EF536DA1}.Release|Any CPU.ActiveCfg = Release|Any CPU
		{61F194D4-B646-4056-82E9-E5A8EF536DA1}.Release|Any CPU.Build.0 = Release|Any CPU
		{61F194D4-B646-4056-82E9-E5A8EF536DA1}.Release|x64.ActiveCfg = Release|Any CPU
		{61F194D4-B646-4056-82E9-E5A8EF536DA1}.Release|x64.Build.0 = Release|Any CPU
		{61F194D4-B646-4056-82E9-E5A8EF536DA1}.Release|x86.ActiveCfg = Release|Any CPU
		{61F194D4-B646-4056-82E9-E5A8EF536DA1}.Release|x86.Build.0 = Release|Any CPU
	EndGlobalSection
	GlobalSection(SolutionProperties) = preSolution
		HideSolutionNode = FALSE
	EndGlobalSection
	GlobalSection(NestedProjects) = preSolution
		{4EA7F941-6541-4004-BD27-47EA7E49F185} = {827E0CD3-B72D-47B6-A68D-7590B98EB39B}
		{B7BEC10F-8BF3-4C6D-BBF0-8944C45A9222} = {827E0CD3-B72D-47B6-A68D-7590B98EB39B}
		{4DCF44DD-89E0-43FC-99A1-7234077B588B} = {827E0CD3-B72D-47B6-A68D-7590B98EB39B}
		{E4B8643C-21FA-4FDA-A332-A6B0D8439F4A} = {827E0CD3-B72D-47B6-A68D-7590B98EB39B}
		{2EC74FFC-2489-4F72-B6CA-A87F70EAB74A} = {827E0CD3-B72D-47B6-A68D-7590B98EB39B}
		{2858D7C4-DB63-4D09-8551-51F85D02C000} = {827E0CD3-B72D-47B6-A68D-7590B98EB39B}
		{F65AACFD-128A-4F7C-9AE4-C0C87D7F6D5C} = {07C2787E-EAC7-C090-1BA3-A61EC2A24D84}
		{61F194D4-B646-4056-82E9-E5A8EF536DA1} = {0AB3BF05-4346-4AA6-1389-037BE0695223}
	EndGlobalSection
EndGlobal
